{
  "lockfileVersion": 1,
  "configVersion": 1,
  "workspaces": {
    "": {
      "name": "rclweb-workspace",
    },
    "examples/e2e-harness": {
      "name": "@rclweb/e2e-harness",
      "version": "0.0.0",
      "dependencies": {
        "rclweb": "workspace:*",
      },
    },
    "examples/subscribe-chatter": {
      "name": "@rclweb/subscribe-chatter",
      "version": "0.0.0",
      "dependencies": {
        "rclweb": "workspace:*",
      },
    },
    "typescript": {
      "name": "rclweb",
      "version": "0.0.1",
    },
  },
  "packages": {
    "@rclweb/e2e-harness": ["@rclweb/e2e-harness@workspace:examples/e2e-harness"],

    "@rclweb/subscribe-chatter": ["@rclweb/subscribe-chatter@workspace:examples/subscribe-chatter"],

    "rclweb": ["rclweb@workspace:typescript"],
  }
}
